{
  "name": "@workspace/discord-bot",
  "version": "1.0.0",
  "lockfileVersion": 3,
  "requires": true,
  "packages": {
    "": {
      "name": "@workspace/discord-bot",
      "version": "1.0.0",
      "dependencies": {
        "@discordjs/rest": "^2.4.3",
        "@discordjs/voice": "^0.19.2",
        "@distube/ytdl-core": "^4.16.12",
        "discord-api-types": "^0.37.119",
        "discord.js": "^14.16.2",
        "dotenv": "^17.4.2",
        "libsodium-wrappers": "^0.7.15",
        "lowdb": "^7.0.1",
        "mongoose": "^9.9.1",
        "openai": "^4.96.2",
        "opusscript": "^0.1.1",
        "youtube-sr": "^4.3.12"
      }
    },
    "../node_modules/.pnpm/@discordjs+rest@2.6.2/node_modules/@discordjs/rest": {
      "version": "2.6.2",
      "license": "Apache-2.0",
      "dependencies": {
        "@discordjs/collection": "^2.1.1",
        "@discordjs/util": "^1.2.0",
        "@sapphire/async-queue": "^1.5.3",
        "@sapphire/snowflake": "^3.5.5",
        "@vladfrangu/async_event_emitter": "^2.4.6",
        "discord-api-types": "^0.38.49",
        "magic-bytes.js": "^1.13.0",
        "tslib": "^2.6.3",
        "undici": "^6.27.0"
      },
      "devDependencies": {
        "@discordjs/api-extractor": "^7.38.1",
        "@discordjs/scripts": "^0.1.0",
        "@favware/cliff-jumper": "^4.1.0",
        "@types/node": "18.17.9",
        "@vitest/coverage-v8": "^2.1.9",
        "cross-env": "^7.0.3",
        "esbuild-plugin-version-injector": "^1.2.1",
        "eslint": "^8.57.1",
        "eslint-config-neon": "^0.1.62",
        "eslint-formatter-pretty": "^6.0.1",
        "prettier": "^3.9.5",
        "tsup": "^8.5.1",
        "turbo": "^2.10.5",
        "typescript": "~5.5.4",
        "vitest": "^2.1.9"
      },
      "engines": {
        "node": ">=18"
      },
      "funding": {
        "url": "https://github.com/discordjs/discord.js?sponsor"
      }
    },
    "../node_modules/.pnpm/@discordjs+voice@0.19.2_opusscript@0.1.1/node_modules/@discordjs/voice": {
      "version": "0.19.2",
      "license": "Apache-2.0",
      "dependencies": {
        "@snazzah/davey": "^0.1.9",
        "@types/ws": "^8.18.1",
        "discord-api-types": "^0.38.41",
        "prism-media": "^1.3.5",
        "tslib": "^2.8.1",
        "ws": "^8.19.0"
      },
      "devDependencies": {
        "@discordjs/api-extractor": "^7.52.7",
        "@discordjs/opus": "^0.10.0",
        "@discordjs/scripts": "^0.1.0",
        "@favware/cliff-jumper": "^6.0.0",
        "@noble/ciphers": "^2.1.1",
        "@types/node": "^22.19.11",
        "@vitest/coverage-v8": "^4.0.18",
        "cross-env": "^10.1.0",
        "esbuild-plugin-version-injector": "^1.2.1",
        "eslint": "^9.39.2",
        "eslint-config-neon": "^0.3.2",
        "eslint-formatter-compact": "^9.0.1",
        "eslint-formatter-pretty": "^7.0.0",
        "prettier": "^3.8.1",
        "tsup": "^8.5.1",
        "turbo": "^2.8.10",
        "typescript": "~5.9.3",
        "vitest": "^4.0.18",
        "vitest-websocket-mock": "^0.5.0"
      },
      "engines": {
        "node": ">=22.12.0"
      },
      "funding": {
        "url": "https://github.com/discordjs/discord.js?sponsor"
      }
    },
    "../node_modules/.pnpm/@distube+ytdl-core@4.16.12/node_modules/@distube/ytdl-core": {
      "version": "4.16.12",
      "license": "MIT",
      "dependencies": {
        "http-cookie-agent": "^7.0.1",
        "https-proxy-agent": "^7.0.6",
        "m3u8stream": "^0.8.6",
        "miniget": "^4.2.3",
        "sax": "^1.4.1",
        "tough-cookie": "^5.1.2",
        "undici": "^7.8.0"
      },
      "devDependencies": {
        "@types/node": "^22.15.2",
        "prettier": "^3.5.3",
        "typescript": "^5.8.3"
      },
      "engines": {
        "node": ">=20.18.1"
      },
      "funding": {
        "url": "https://github.com/distubejs/ytdl-core?sponsor"
      }
    },
    "../node_modules/.pnpm/better-sqlite3@13.0.2/node_modules/better-sqlite3": {
      "version": "13.0.2",
      "extraneous": true,
      "license": "MIT",
      "dependencies": {
        "node-addon-api": "^8.0.0"
      },
      "devDependencies": {
        "chai": "^4.3.8",
        "cli-color": "^2.0.3",
        "fs-extra": "^11.1.1",
        "mocha": "^11.7.5",
        "node-gyp": "^10.3.1",
        "nodemark": "^0.3.0",
        "sqlite": "^5.0.1",
        "sqlite3": "^5.1.6"
      },
      "engines": {
        "node": ">=22"
      }
    },
    "../node_modules/.pnpm/discord-api-types@0.37.120/node_modules/discord-api-types": {
      "version": "0.37.120",
      "license": "MIT",
      "devDependencies": {
        "@commitlint/cli": "^19.0.3",
        "@commitlint/config-angular": "^19.0.3",
        "@favware/npm-deprecate": "^2.0.0",
        "@octokit/action": "^7.0.0",
        "@octokit/webhooks-types": "^7.3.2",
        "@sapphire/prettier-config": "^2.0.0",
        "@types/conventional-recommended-bump": "^9.0.3",
        "@types/node": "^22.0.0",
        "@typescript-eslint/utils": "^8.0.0",
        "conventional-changelog-cli": "^4.1.0",
        "conventional-recommended-bump": "^9.0.0",
        "eslint": "^8.57.0",
        "eslint-config-neon": "^0.1.59",
        "eslint-import-resolver-typescript": "^3.6.1",
        "eslint-plugin-local": "^6.0.0",
        "gen-esm-wrapper": "^1.1.3",
        "husky": "^9.0.11",
        "is-ci": "^4.0.0",
        "lint-staged": "^15.2.2",
        "npm-run-all2": "^7.0.0",
        "prettier": "^3.2.5",
        "pretty-quick": "^4.0.0",
        "rimraf": "^6.0.0",
        "tsutils": "^3.21.0",
        "typescript": "^5.6.3"
      }
    },
    "../node_modules/.pnpm/discord.js@14.27.0/node_modules/discord.js": {
      "version": "14.27.0",
      "license": "Apache-2.0",
      "dependencies": {
        "@discordjs/builders": "^1.14.1",
        "@discordjs/collection": "1.5.3",
        "@discordjs/formatters": "^0.6.2",
        "@discordjs/rest": "^2.6.2",
        "@discordjs/util": "^1.2.0",
        "@discordjs/ws": "^1.2.3",
        "@sapphire/snowflake": "3.5.5",
        "discord-api-types": "^0.38.49",
        "fast-deep-equal": "3.1.3",
        "lodash.snakecase": "4.1.1",
        "magic-bytes.js": "^1.13.0",
        "tslib": "^2.6.3",
        "undici": "^6.27.0"
      },
      "devDependencies": {
        "@discordjs/api-extractor": "^7.38.1",
        "@discordjs/docgen": "^0.12.1",
        "@discordjs/scripts": "^0.1.0",
        "@favware/cliff-jumper": "^4.1.0",
        "@types/node": "^16.18.126",
        "@typescript-eslint/eslint-plugin": "^8.64.0",
        "@typescript-eslint/parser": "^8.64.0",
        "cross-env": "^7.0.3",
        "dtslint": "4.2.1",
        "eslint": "^8.57.1",
        "eslint-formatter-pretty": "^5.0.0",
        "jest": "29.7.0",
        "prettier": "^3.9.5",
        "tsd": "^0.31.1",
        "tslint": "6.1.3",
        "turbo": "^2.10.5",
        "typescript": "~5.8.3"
      },
      "engines": {
        "node": ">=18"
      },
      "funding": {
        "url": "https://github.com/discordjs/discord.js?sponsor"
      }
    },
    "../node_modules/.pnpm/libsodium-wrappers@0.7.16/node_modules/libsodium-wrappers": {
      "version": "0.7.16",
      "license": "ISC",
      "dependencies": {
        "libsodium": "^0.7.16"
      },
      "devDependencies": {
        "terser": "^5.44.1"
      }
    },
    "../node_modules/.pnpm/lowdb@7.0.1/node_modules/lowdb": {
      "version": "7.0.1",
      "license": "MIT",
      "dependencies": {
        "steno": "^4.0.2"
      },
      "devDependencies": {
        "@commitlint/cli": "^18.4.3",
        "@commitlint/config-conventional": "^18.4.3",
        "@commitlint/prompt-cli": "^18.4.3",
        "@sindresorhus/tsconfig": "^5.0.0",
        "@types/express": "^4.17.21",
        "@types/lodash": "^4.14.202",
        "@types/node": "^20.10.5",
        "@typicode/eslint-config": "^1.2.0",
        "del-cli": "^5.1.0",
        "eslint": "^8.56.0",
        "express-async-handler": "^1.2.0",
        "husky": "^8.0.3",
        "lodash": "^4.17.21",
        "tempy": "^3.1.0",
        "ts-node": "^10.9.2",
        "tsx": "^4.7.0",
        "typescript": "^5.3.3"
      },
      "engines": {
        "node": ">=18"
      },
      "funding": {
        "url": "https://github.com/sponsors/typicode"
      }
    },
    "../node_modules/.pnpm/openai@4.104.0_ws@8.21.1_zod@3.25.76/node_modules/openai": {
      "version": "4.104.0",
      "license": "Apache-2.0",
      "dependencies": {
        "@types/node": "^18.11.18",
        "@types/node-fetch": "^2.6.4",
        "abort-controller": "^3.0.0",
        "agentkeepalive": "^4.2.1",
        "form-data-encoder": "1.7.2",
        "formdata-node": "^4.3.2",
        "node-fetch": "^2.6.7"
      },
      "bin": {
        "openai": "bin/cli"
      },
      "peerDependencies": {
        "ws": "^8.18.0",
        "zod": "^3.23.8"
      },
      "peerDependenciesMeta": {
        "ws": {
          "optional": true
        },
        "zod": {
          "optional": true
        }
      }
    },
    "../node_modules/.pnpm/opusscript@0.1.1/node_modules/opusscript": {
      "version": "0.1.1",
      "license": "MIT"
    },
    "../node_modules/.pnpm/youtube-sr@4.3.12/node_modules/youtube-sr": {
      "version": "4.3.12",
      "license": "Apache-2.0",
      "devDependencies": {
        "@types/node": "^24.0.10",
        "chalk": "^5.3.0",
        "cross-fetch": "^4.1.0",
        "fs-extra": "^11.3.0",
        "prettier": "^3.6.2",
        "readdirp": "^3.6.0",
        "rimraf": "^5.0.5",
        "tsup": "^8.0.2",
        "tsx": "^4.7.2",
        "typescript": "^5.4.5"
      }
    },
    "node_modules/@discordjs/rest": {
      "resolved": "../node_modules/.pnpm/@discordjs+rest@2.6.2/node_modules/@discordjs/rest",
      "link": true
    },
    "node_modules/@discordjs/voice": {
      "resolved": "../node_modules/.pnpm/@discordjs+voice@0.19.2_opusscript@0.1.1/node_modules/@discordjs/voice",
      "link": true
    },
    "node_modules/@distube/ytdl-core": {
      "resolved": "../node_modules/.pnpm/@distube+ytdl-core@4.16.12/node_modules/@distube/ytdl-core",
      "link": true
    },
    "node_modules/@mongodb-js/saslprep": {
      "version": "1.4.13",
      "resolved": "https://registry.npmjs.org/@mongodb-js/saslprep/-/saslprep-1.4.13.tgz",
      "integrity": "sha512-E3Sv4eCYAlKYUTx8S3ioQcDUscOif+8zZ5OnW1IzJ+Tt+EO+ke8mn+Y3FX6N1H79picwbdOavVOb1jPi2EOyrg==",
      "license": "MIT",
      "dependencies": {
        "sparse-bitfield": "^3.0.3"
      }
    },
    "node_modules/@standard-schema/spec": {
      "version": "1.1.0",
      "resolved": "https://registry.npmjs.org/@standard-schema/spec/-/spec-1.1.0.tgz",
      "integrity": "sha512-l2aFy5jALhniG5HgqrD6jXLi/rUWrKvqN/qJx6yoJsgKhblVd+iqqU4RCXavm/jPityDo5TCvKMnpjKnOriy0w==",
      "license": "MIT"
    },
    "node_modules/@types/webidl-conversions": {
      "version": "7.0.3",
      "resolved": "https://registry.npmjs.org/@types/webidl-conversions/-/webidl-conversions-7.0.3.tgz",
      "integrity": "sha512-CiJJvcRtIgzadHCYXw7dqEnMNRjhGZlYK05Mj9OyktqV8uVT8fD2BFOB7S1uwBE3Kj2Z+4UyPmFw/Ixgw/LAlA==",
      "license": "MIT"
    },
    "node_modules/@types/whatwg-url": {
      "version": "13.0.0",
      "resolved": "https://registry.npmjs.org/@types/whatwg-url/-/whatwg-url-13.0.0.tgz",
      "integrity": "sha512-N8WXpbE6Wgri7KUSvrmQcqrMllKZ9uxkYWMt+mCSGwNc0Hsw9VQTW7ApqI4XNrx6/SaM2QQJCzMPDEXE058s+Q==",
      "license": "MIT",
      "dependencies": {
        "@types/webidl-conversions": "*"
      }
    },
    "node_modules/bson": {
      "version": "7.3.1",
      "resolved": "https://registry.npmjs.org/bson/-/bson-7.3.1.tgz",
      "integrity": "sha512-h/C0qe6857pQhcSJHLfsR1uYGj98Ge3wKAD3Ed9KqH3wcVh+BM4Jq4xISD7vs9OPuT07n+q3QQVjslJ286j6ag==",
      "license": "Apache-2.0",
      "engines": {
        "node": ">=20.19.0"
      }
    },
    "node_modules/discord-api-types": {
      "resolved": "../node_modules/.pnpm/discord-api-types@0.37.120/node_modules/discord-api-types",
      "link": true
    },
    "node_modules/discord.js": {
      "resolved": "../node_modules/.pnpm/discord.js@14.27.0/node_modules/discord.js",
      "link": true
    },
    "node_modules/dotenv": {
      "version": "17.4.2",
      "resolved": "https://registry.npmjs.org/dotenv/-/dotenv-17.4.2.tgz",
      "integrity": "sha512-nI4U3TottKAcAD9LLud4Cb7b2QztQMUEfHbvhTH09bqXTxnSie8WnjPALV/WMCrJZ6UV/qHJ6L03OqO3LcdYZw==",
      "license": "BSD-2-Clause",
      "engines": {
        "node": ">=12"
      },
      "funding": {
        "url": "https://dotenvx.com"
      }
    },
    "node_modules/kareem": {
      "version": "3.3.0",
      "resolved": "https://registry.npmjs.org/kareem/-/kareem-3.3.0.tgz",
      "integrity": "sha512-kpSuLD3/7RenBnjnJdOHXCKC8dTd1JzeOiJhN0necWWci6cC+qX+VuwPnMVgb+a4+KNJSfgqahpnfWaeDXCimw==",
      "license": "Apache-2.0",
      "engines": {
        "node": ">=18.0.0"
      }
    },
    "node_modules/libsodium-wrappers": {
      "resolved": "../node_modules/.pnpm/libsodium-wrappers@0.7.16/node_modules/libsodium-wrappers",
      "link": true
    },
    "node_modules/lowdb": {
      "resolved": "../node_modules/.pnpm/lowdb@7.0.1/node_modules/lowdb",
      "link": true
    },
    "node_modules/memory-pager": {
      "version": "1.5.0",
      "resolved": "https://registry.npmjs.org/memory-pager/-/memory-pager-1.5.0.tgz",
      "integrity": "sha512-ZS4Bp4r/Zoeq6+NLJpP+0Zzm0pR8whtGPf1XExKLJBAczGMnSi3It14OiNCStjQjM6NU1okjQGSxgEZN8eBYKg==",
      "license": "MIT"
    },
    "node_modules/mongodb": {
      "version": "7.5.0",
      "resolved": "https://registry.npmjs.org/mongodb/-/mongodb-7.5.0.tgz",
      "integrity": "sha512-5FnrEDLnvp6ycUOGLNLLU33BfCx2qmp2mJjGPDwKLruYsVzXVSK5fsGpoDXvsXJwBfBsD7ebMRdawbDxC2814g==",
      "license": "Apache-2.0",
      "dependencies": {
        "@mongodb-js/saslprep": "^1.4.11",
        "bson": "^7.2.0",
        "mongodb-connection-string-url": "^7.0.1"
      },
      "engines": {
        "node": ">=20.19.0"
      },
      "peerDependencies": {
        "@aws-sdk/credential-providers": "^3.806.0",
        "@mongodb-js/zstd": "^7.0.0",
        "gcp-metadata": "^7.0.1",
        "kerberos": "^7.0.0",
        "mongodb-client-encryption": "^7.2.0",
        "snappy": "^7.3.2",
        "socks": "^2.8.6"
      },
      "peerDependenciesMeta": {
        "@aws-sdk/credential-providers": {
          "optional": true
        },
        "@mongodb-js/zstd": {
          "optional": true
        },
        "gcp-metadata": {
          "optional": true
        },
        "kerberos": {
          "optional": true
        },
        "mongodb-client-encryption": {
          "optional": true
        },
        "snappy": {
          "optional": true
        },
        "socks": {
          "optional": true
        }
      }
    },
    "node_modules/mongodb-connection-string-url": {
      "version": "7.0.2",
      "resolved": "https://registry.npmjs.org/mongodb-connection-string-url/-/mongodb-connection-string-url-7.0.2.tgz",
      "integrity": "sha512-ZoS07RoFqpKYQwAk59qmrx8+jJHNHU30UjlU96QktiGn1ltvDr+vCznLX5DiUBLEpMAHatHNWV1nM/74ul66kA==",
      "license": "Apache-2.0",
      "dependencies": {
        "@types/whatwg-url": "^13.0.0",
        "whatwg-url": "^14.1.0"
      },
      "engines": {
        "node": ">=20.19.0"
      }
    },
    "node_modules/mongoose": {
      "version": "9.9.1",
      "resolved": "https://registry.npmjs.org/mongoose/-/mongoose-9.9.1.tgz",
      "integrity": "sha512-hI00baDVPjV5VfYA3j+oLuPvLfmCQICWot9zJZgkuDMXnWEYhIx9xCPEOt2IC3lDJz6ajsz2bpgO24E+xsP6wg==",
      "license": "MIT",
      "dependencies": {
        "@standard-schema/spec": "^1.1.0",
        "kareem": "3.3.0",
        "mongodb": "~7.5",
        "mpath": "0.9.0",
        "mquery": "6.0.0",
        "ms": "2.1.3",
        "sift": "17.1.3"
      },
      "engines": {
        "node": ">=20.19.0"
      },
      "funding": {
        "type": "opencollective",
        "url": "https://opencollective.com/mongoose"
      }
    },
    "node_modules/mpath": {
      "version": "0.9.0",
      "resolved": "https://registry.npmjs.org/mpath/-/mpath-0.9.0.tgz",
      "integrity": "sha512-ikJRQTk8hw5DEoFVxHG1Gn9T/xcjtdnOKIU1JTmGjZZlg9LST2mBLmcX3/ICIbgJydT2GOc15RnNy5mHmzfSew==",
      "license": "MIT",
      "engines": {
        "node": ">=4.0.0"
      }
    },
    "node_modules/mquery": {
      "version": "6.0.0",
      "resolved": "https://registry.npmjs.org/mquery/-/mquery-6.0.0.tgz",
      "integrity": "sha512-b2KQNsmgtkscfeDgkYMcWGn9vZI9YoXh802VDEwE6qc50zxBFQ0Oo8ROkawbPAsXCY1/Z1yp0MagqsZStPWJjw==",
      "license": "MIT",
      "engines": {
        "node": ">=20.19.0"
      }
    },
    "node_modules/ms": {
      "version": "2.1.3",
      "resolved": "https://registry.npmjs.org/ms/-/ms-2.1.3.tgz",
      "integrity": "sha512-6FlzubTLZG3J2a/NVCAleEhjzq5oxgHyaCU9yYXvcLsvoVaHJq/s5xXI6/XXP6tz7R9xAOtHnSO/tXtF3WRTlA==",
      "license": "MIT"
    },
    "node_modules/openai": {
      "resolved": "../node_modules/.pnpm/openai@4.104.0_ws@8.21.1_zod@3.25.76/node_modules/openai",
      "link": true
    },
    "node_modules/opusscript": {
      "resolved": "../node_modules/.pnpm/opusscript@0.1.1/node_modules/opusscript",
      "link": true
    },
    "node_modules/punycode": {
      "version": "2.3.1",
      "resolved": "https://registry.npmjs.org/punycode/-/punycode-2.3.1.tgz",
      "integrity": "sha512-vYt7UD1U9Wg6138shLtLOvdAu+8DsC/ilFtEVHcH+wydcSpNE20AfSOduf6MkRFahL5FY7X1oU7nKVZFtfq8Fg==",
      "license": "MIT",
      "engines": {
        "node": ">=6"
      }
    },
    "node_modules/sift": {
      "version": "17.1.3",
      "resolved": "https://registry.npmjs.org/sift/-/sift-17.1.3.tgz",
      "integrity": "sha512-Rtlj66/b0ICeFzYTuNvX/EF1igRbbnGSvEyT79McoZa/DeGhMyC5pWKOEsZKnpkqtSeovd5FL/bjHWC3CIIvCQ==",
      "license": "MIT"
    },
    "node_modules/sparse-bitfield": {
      "version": "3.0.3",
      "resolved": "https://registry.npmjs.org/sparse-bitfield/-/sparse-bitfield-3.0.3.tgz",
      "integrity": "sha512-kvzhi7vqKTfkh0PZU+2D2PIllw2ymqJKujUcyPMd9Y75Nv4nPbGJZXNhxsgdQab2BmlDct1YnfQCguEvHr7VsQ==",
      "license": "MIT",
      "dependencies": {
        "memory-pager": "^1.0.2"
      }
    },
    "node_modules/tr46": {
      "version": "5.1.1",
      "resolved": "https://registry.npmjs.org/tr46/-/tr46-5.1.1.tgz",
      "integrity": "sha512-hdF5ZgjTqgAntKkklYw0R03MG2x/bSzTtkxmIRw/sTNV8YXsCJ1tfLAX23lhxhHJlEf3CRCOCGGWw3vI3GaSPw==",
      "license": "MIT",
      "dependencies": {
        "punycode": "^2.3.1"
      },
      "engines": {
        "node": ">=18"
      }
    },
    "node_modules/webidl-conversions": {
      "version": "7.0.0",
      "resolved": "https://registry.npmjs.org/webidl-conversions/-/webidl-conversions-7.0.0.tgz",
      "integrity": "sha512-VwddBukDzu71offAQR975unBIGqfKZpM+8ZX6ySk8nYhVoo5CYaZyzt3YBvYtRtO+aoGlqxPg/B87NGVZ/fu6g==",
      "license": "BSD-2-Clause",
      "engines": {
        "node": ">=12"
      }
    },
    "node_modules/whatwg-url": {
      "version": "14.2.0",
      "resolved": "https://registry.npmjs.org/whatwg-url/-/whatwg-url-14.2.0.tgz",
      "integrity": "sha512-De72GdQZzNTUBBChsXueQUnPKDkg/5A5zp7pFDuQAj5UFoENpiACU0wlCvzpAGnTkj++ihpKwKyYewn/XNUbKw==",
      "license": "MIT",
      "dependencies": {
        "tr46": "^5.1.0",
        "webidl-conversions": "^7.0.0"
      },
      "engines": {
        "node": ">=18"
      }
    },
    "node_modules/youtube-sr": {
      "resolved": "../node_modules/.pnpm/youtube-sr@4.3.12/node_modules/youtube-sr",
      "link": true
    }
  }
}
